
Microsoft Visual Studio Solution File, Format Version 12.00
# Visual Studio Version 17
VisualStudioVersion = 17.11.35312.102
MinimumVisualStudioVersion = 10.0.40219.1
Project("{2150E333-8FDC-42A3-9474-1A3956D46DE8}") = "src", "src", "{0A266494-4B97-4C98-82ED-F3BD0EF4E7B2}"
EndProject
Project("{2150E333-8FDC-42A3-9474-1A3956D46DE8}") = "Core", "Core", "{7ECAE092-180F-4260-965E-2CEAF7055599}"
EndProject
Project("{2150E333-8FDC-42A3-9474-1A3956D46DE8}") = "Infrastructure", "Infrastructure", "{FB0B3890-26A9-408A-99A0-292A2C65BF2A}"
EndProject
Project("{2150E333-8FDC-42A3-9474-1A3956D46DE8}") = "Presentation", "Presentation", "{F364F58D-89BB-4E51-A5A1-09AC81500C83}"
EndProject
Project("{9A19103F-16F7-4668-BE54-9A1E7A4F7556}") = "PMS.Persistence", "PMS.Persistence\PMS.Persistence.csproj", "{7FC9AAA4-451C-4F13-A923-B386B022D7D0}"
EndProject
Project("{9A19103F-16F7-4668-BE54-9A1E7A4F7556}") = "PMS.Application", "PMS.Application\PMS.Application.csproj", "{3E90E3E7-B73D-4B8B-B9C1-045C8F001148}"
EndProject
Project("{9A19103F-16F7-4668-BE54-9A1E7A4F7556}") = "PMS.Domain", "PMS.Domain\PMS.Domain.csproj", "{5DD8C63F-E956-4397-A514-5555F4B83384}"
EndProject
Project("{9A19103F-16F7-4668-BE54-9A1E7A4F7556}") = "PMS.API", "PMS.API\PMS.API.csproj", "{90CC6702-8440-4010-BF01-2224E037DD7E}"
EndProject
Project("{FAE04EC0-301F-11D3-BF4B-00C04F79EFBC}") = "PMS.UI", "PMS.UI\PMS.UI.csproj", "{300A21BA-F9F1-420B-AACD-9085AE6D4ED9}"
EndProject
Global
	GlobalSection(SolutionConfigurationPlatforms) = preSolution
		Debug|Any CPU = Debug|Any CPU
		Release|Any CPU = Release|Any CPU
	EndGlobalSection
	GlobalSection(ProjectConfigurationPlatforms) = postSolution
		{7FC9AAA4-451C-4F13-A923-B386B022D7D0}.Debug|Any CPU.ActiveCfg = Debug|Any CPU
		{7FC9AAA4-451C-4F13-A923-B386B022D7D0}.Debug|Any CPU.Build.0 = Debug|Any CPU
		{7FC9AAA4-451C-4F13-A923-B386B022D7D0}.Release|Any CPU.ActiveCfg = Release|Any CPU
		{7FC9AAA4-451C-4F13-A923-B386B022D7D0}.Release|Any CPU.Build.0 = Release|Any CPU
		{3E90E3E7-B73D-4B8B-B9C1-045C8F001148}.Debug|Any CPU.ActiveCfg = Debug|Any CPU
		{3E90E3E7-B73D-4B8B-B9C1-045C8F001148}.Debug|Any CPU.Build.0 = Debug|Any CPU
		{3E90E3E7-B73D-4B8B-B9C1-045C8F001148}.Release|Any CPU.ActiveCfg = Release|Any CPU
		{3E90E3E7-B73D-4B8B-B9C1-045C8F001148}.Release|Any CPU.Build.0 = Release|Any CPU
		{5DD8C63F-E956-4397-A514-5555F4B83384}.Debug|Any CPU.ActiveCfg = Debug|Any CPU
		{5DD8C63F-E956-4397-A514-5555F4B83384}.Debug|Any CPU.Build.0 = Debug|Any CPU
		{5DD8C63F-E956-4397-A514-5555F4B83384}.Release|Any CPU.ActiveCfg = Release|Any CPU
		{5DD8C63F-E956-4397-A514-5555F4B83384}.Release|Any CPU.Build.0 = Release|Any CPU
		{90CC6702-8440-4010-BF01-2224E037DD7E}.Debug|Any CPU.ActiveCfg = Debug|Any CPU
		{90CC6702-8440-4010-BF01-2224E037DD7E}.Debug|Any CPU.Build.0 = Debug|Any CPU
		{90CC6702-8440-4010-BF01-2224E037DD7E}.Release|Any CPU.ActiveCfg = Release|Any CPU
		{90CC6702-8440-4010-BF01-2224E037DD7E}.Release|Any CPU.Build.0 = Release|Any CPU
		{300A21BA-F9F1-420B-AACD-9085AE6D4ED9}.Debug|Any CPU.ActiveCfg = Debug|Any CPU
		{300A21BA-F9F1-420B-AACD-9085AE6D4ED9}.Debug|Any CPU.Build.0 = Debug|Any CPU
		{300A21BA-F9F1-420B-AACD-9085AE6D4ED9}.Release|Any CPU.ActiveCfg = Release|Any CPU
		{300A21BA-F9F1-420B-AACD-9085AE6D4ED9}.Release|Any CPU.Build.0 = Release|Any CPU
	EndGlobalSection
	GlobalSection(SolutionProperties) = preSolution
		HideSolutionNode = FALSE
	EndGlobalSection
	GlobalSection(NestedProjects) = preSolution
		{7ECAE092-180F-4260-965E-2CEAF7055599} = {0A266494-4B97-4C98-82ED-F3BD0EF4E7B2}
		{FB0B3890-26A9-408A-99A0-292A2C65BF2A} = {0A266494-4B97-4C98-82ED-F3BD0EF4E7B2}
		{F364F58D-89BB-4E51-A5A1-09AC81500C83} = {0A266494-4B97-4C98-82ED-F3BD0EF4E7B2}
		{7FC9AAA4-451C-4F13-A923-B386B022D7D0} = {FB0B3890-26A9-408A-99A0-292A2C65BF2A}
		{3E90E3E7-B73D-4B8B-B9C1-045C8F001148} = {7ECAE092-180F-4260-965E-2CEAF7055599}
		{5DD8C63F-E956-4397-A514-5555F4B83384} = {7ECAE092-180F-4260-965E-2CEAF7055599}
		{90CC6702-8440-4010-BF01-2224E037DD7E} = {F364F58D-89BB-4E51-A5A1-09AC81500C83}
		{300A21BA-F9F1-420B-AACD-9085AE6D4ED9} = {F364F58D-89BB-4E51-A5A1-09AC81500C83}
	EndGlobalSection
	GlobalSection(ExtensibilityGlobals) = postSolution
		SolutionGuid = {2C22EC17-F4E1-4259-A02E-C89310B04DA3}
	EndGlobalSection
EndGlobal
